// !$*UTF8*$!
{
	archiveVersion = 1;
	classes = {
	};
	objectVersion = 51;
	objects = {

/* Begin PBXBuildFile section */
		04C52C1F2419475B009A69F2 /* AppDelegate.swift in Sources */ = {isa = PBXBuildFile; fileRef = 04C52C1E2419475B009A69F2 /* AppDelegate.swift */; };
		04C52C262419475B009A69F2 /* Main.storyboard in Resources */ = {isa = PBXBuildFile; fileRef = 04C52C242419475B009A69F2 /* Main.storyboard */; };
		04C52C282419475E009A69F2 /* Assets.xcassets in Resources */ = {isa = PBXBuildFile; fileRef = 04C52C272419475E009A69F2 /* Assets.xcassets */; };
		04C52C2B2419475E009A69F2 /* LaunchScreen.storyboard in Resources */ = {isa = PBXBuildFile; fileRef = 04C52C292419475E009A69F2 /* LaunchScreen.storyboard */; };
		04C52C37241948CD009A69F2 /* LoginVC.swift in Sources */ = {isa = PBXBuildFile; fileRef = 04C52C36241948CD009A69F2 /* LoginVC.swift */; };
		04C52C3B2419493D009A69F2 /* LoginVM.swift in Sources */ = {isa = PBXBuildFile; fileRef = 04C52C3A2419493D009A69F2 /* LoginVM.swift */; };
		04C52C3D2419785B009A69F2 /* GoogleService-Info.plist in Resources */ = {isa = PBXBuildFile; fileRef = 04C52C3C2419785B009A69F2 /* GoogleService-Info.plist */; };
		04C52C3F24197FA9009A69F2 /* Helper.swift in Sources */ = {isa = PBXBuildFile; fileRef = 04C52C3E24197FA9009A69F2 /* Helper.swift */; };
		04C52C46241983C4009A69F2 /* ChatsVC.swift in Sources */ = {isa = PBXBuildFile; fileRef = 04C52C45241983C4009A69F2 /* ChatsVC.swift */; };
		04C52C48241983E9009A69F2 /* TabController.swift in Sources */ = {isa = PBXBuildFile; fileRef = 04C52C47241983E9009A69F2 /* TabController.swift */; };
		04C52C4B24198427009A69F2 /* ProfileVC.swift in Sources */ = {isa = PBXBuildFile; fileRef = 04C52C4A24198427009A69F2 /* ProfileVC.swift */; };
		04C52C4D24198934009A69F2 /* ChatRoomTC.swift in Sources */ = {isa = PBXBuildFile; fileRef = 04C52C4C24198934009A69F2 /* ChatRoomTC.swift */; };
		04C52C4F24198F3C009A69F2 /* ProfileVM.swift in Sources */ = {isa = PBXBuildFile; fileRef = 04C52C4E24198F3C009A69F2 /* ProfileVM.swift */; };
		04C52C52241992F5009A69F2 /* MessagesVC.swift in Sources */ = {isa = PBXBuildFile; fileRef = 04C52C51241992F5009A69F2 /* MessagesVC.swift */; };
		04C52C542419931C009A69F2 /* MyChatTC.swift in Sources */ = {isa = PBXBuildFile; fileRef = 04C52C532419931C009A69F2 /* MyChatTC.swift */; };
		04C52C562419932B009A69F2 /* TheyChatTC.swift in Sources */ = {isa = PBXBuildFile; fileRef = 04C52C552419932B009A69F2 /* TheyChatTC.swift */; };
		04FABE132419A40200BD6CCD /* ChatsVM.swift in Sources */ = {isa = PBXBuildFile; fileRef = 04FABE122419A40200BD6CCD /* ChatsVM.swift */; };
		04FABE152419A4B400BD6CCD /* ChatsModel.swift in Sources */ = {isa = PBXBuildFile; fileRef = 04FABE142419A4B400BD6CCD /* ChatsModel.swift */; };
		04FABE172419AE9600BD6CCD /* MessagesVM.swift in Sources */ = {isa = PBXBuildFile; fileRef = 04FABE162419AE9600BD6CCD /* MessagesVM.swift */; };
		04FABE192419AEB400BD6CCD /* MessageModel.swift in Sources */ = {isa = PBXBuildFile; fileRef = 04FABE182419AEB400BD6CCD /* MessageModel.swift */; };
		5770783B79A32F0D1DCA6C46 /* libPods-kiwari-ios-test.a in Frameworks */ = {isa = PBXBuildFile; fileRef = EEE2772F224BA6436E78BF42 /* libPods-kiwari-ios-test.a */; };
/* End PBXBuildFile section */

/* Begin PBXFileReference section */
		04C52C1B2419475B009A69F2 /* kiwari-ios-test.app */ = {isa = PBXFileReference; explicitFileType = wrapper.application; includeInIndex = 0; path = "kiwari-ios-test.app"; sourceTree = BUILT_PRODUCTS_DIR; };
		04C52C1E2419475B009A69F2 /* AppDelegate.swift */ = {isa = PBXFileReference; lastKnownFileType = sourcecode.swift; path = AppDelegate.swift; sourceTree = "<group>"; };
		04C52C252419475B009A69F2 /* Base */ = {isa = PBXFileReference; lastKnownFileType = file.storyboard; name = Base; path = Base.lproj/Main.storyboard; sourceTree = "<group>"; };
		04C52C272419475E009A69F2 /* Assets.xcassets */ = {isa = PBXFileReference; lastKnownFileType = folder.assetcatalog; path = Assets.xcassets; sourceTree = "<group>"; };
		04C52C2A2419475E009A69F2 /* Base */ = {isa = PBXFileReference; lastKnownFileType = file.storyboard; name = Base; path = Base.lproj/LaunchScreen.storyboard; sourceTree = "<group>"; };
		04C52C2C2419475E009A69F2 /* Info.plist */ = {isa = PBXFileReference; lastKnownFileType = text.plist.xml; path = Info.plist; sourceTree = "<group>"; };
		04C52C36241948CD009A69F2 /* LoginVC.swift */ = {isa = PBXFileReference; lastKnownFileType = sourcecode.swift; path = LoginVC.swift; sourceTree = "<group>"; };
		04C52C3A2419493D009A69F2 /* LoginVM.swift */ = {isa = PBXFileReference; lastKnownFileType = sourcecode.swift; path = LoginVM.swift; sourceTree = "<group>"; };
		04C52C3C2419785B009A69F2 /* GoogleService-Info.plist */ = {isa = PBXFileReference; fileEncoding = 4; lastKnownFileType = text.plist.xml; path = "GoogleService-Info.plist"; sourceTree = "<group>"; };
		04C52C3E24197FA9009A69F2 /* Helper.swift */ = {isa = PBXFileReference; lastKnownFileType = sourcecode.swift; path = Helper.swift; sourceTree = "<group>"; };
		04C52C45241983C4009A69F2 /* ChatsVC.swift */ = {isa = PBXFileReference; lastKnownFileType = sourcecode.swift; path = ChatsVC.swift; sourceTree = "<group>"; };
		04C52C47241983E9009A69F2 /* TabController.swift */ = {isa = PBXFileReference; lastKnownFileType = sourcecode.swift; path = TabController.swift; sourceTree = "<group>"; };
		04C52C4A24198427009A69F2 /* ProfileVC.swift */ = {isa = PBXFileReference; lastKnownFileType = sourcecode.swift; path = ProfileVC.swift; sourceTree = "<group>"; };
		04C52C4C24198934009A69F2 /* ChatRoomTC.swift */ = {isa = PBXFileReference; lastKnownFileType = sourcecode.swift; path = ChatRoomTC.swift; sourceTree = "<group>"; };
		04C52C4E24198F3C009A69F2 /* ProfileVM.swift */ = {isa = PBXFileReference; lastKnownFileType = sourcecode.swift; path = ProfileVM.swift; sourceTree = "<group>"; };
		04C52C51241992F5009A69F2 /* MessagesVC.swift */ = {isa = PBXFileReference; lastKnownFileType = sourcecode.swift; path = MessagesVC.swift; sourceTree = "<group>"; };
		04C52C532419931C009A69F2 /* MyChatTC.swift */ = {isa = PBXFileReference; lastKnownFileType = sourcecode.swift; path = MyChatTC.swift; sourceTree = "<group>"; };
		04C52C552419932B009A69F2 /* TheyChatTC.swift */ = {isa = PBXFileReference; lastKnownFileType = sourcecode.swift; path = TheyChatTC.swift; sourceTree = "<group>"; };
		04FABE122419A40200BD6CCD /* ChatsVM.swift */ = {isa = PBXFileReference; lastKnownFileType = sourcecode.swift; path = ChatsVM.swift; sourceTree = "<group>"; };
		04FABE142419A4B400BD6CCD /* ChatsModel.swift */ = {isa = PBXFileReference; lastKnownFileType = sourcecode.swift; path = ChatsModel.swift; sourceTree = "<group>"; };
		04FABE162419AE9600BD6CCD /* MessagesVM.swift */ = {isa = PBXFileReference; lastKnownFileType = sourcecode.swift; path = MessagesVM.swift; sourceTree = "<group>"; };
		04FABE182419AEB400BD6CCD /* MessageModel.swift */ = {isa = PBXFileReference; lastKnownFileType = sourcecode.swift; path = MessageModel.swift; sourceTree = "<group>"; };
		CAA31C7ACFA06EBA9D16B55D /* Pods-kiwari-ios-test.release.xcconfig */ = {isa = PBXFileReference; includeInIndex = 1; lastKnownFileType = text.xcconfig; name = "Pods-kiwari-ios-test.release.xcconfig"; path = "Target Support Files/Pods-kiwari-ios-test/Pods-kiwari-ios-test.release.xcconfig"; sourceTree = "<group>"; };
		EEE2772F224BA6436E78BF42 /* libPods-kiwari-ios-test.a */ = {isa = PBXFileReference; explicitFileType = archive.ar; includeInIndex = 0; path = "libPods-kiwari-ios-test.a"; sourceTree = BUILT_PRODUCTS_DIR; };
		FDC7F119441D40CAD25B56E2 /* Pods-kiwari-ios-test.debug.xcconfig */ = {isa = PBXFileReference; includeInIndex = 1; lastKnownFileType = text.xcconfig; name = "Pods-kiwari-ios-test.debug.xcconfig"; path = "Target Support Files/Pods-kiwari-ios-test/Pods-kiwari-ios-test.debug.xcconfig"; sourceTree = "<group>"; };
/* End PBXFileReference section */

/* Begin PBXFrameworksBuildPhase section */
		04C52C182419475B009A69F2 /* Frameworks */ = {
			isa = PBXFrameworksBuildPhase;
			buildActionMask = 2147483647;
			files = (
				5770783B79A32F0D1DCA6C46 /* libPods-kiwari-ios-test.a in Frameworks */,
			);
			runOnlyForDeploymentPostprocessing = 0;
		};
/* End PBXFrameworksBuildPhase section */

/* Begin PBXGroup section */
		04C52C122419475B009A69F2 = {
			isa = PBXGroup;
			children = (
				04C52C1D2419475B009A69F2 /* kiwari-ios-test */,
				04C52C1C2419475B009A69F2 /* Products */,
				86EB0DEA3068E35166C9295F /* Pods */,
				3A89D085CDC817D3820BC312 /* Frameworks */,
			);
			sourceTree = "<group>";
		};
		04C52C1C2419475B009A69F2 /* Products */ = {
			isa = PBXGroup;
			children = (
				04C52C1B2419475B009A69F2 /* kiwari-ios-test.app */,
			);
			name = Products;
			sourceTree = "<group>";
		};
		04C52C1D2419475B009A69F2 /* kiwari-ios-test */ = {
			isa = PBXGroup;
			children = (
				04C52C3C2419785B009A69F2 /* GoogleService-Info.plist */,
				04C52C1E2419475B009A69F2 /* AppDelegate.swift */,
				04C52C3E24197FA9009A69F2 /* Helper.swift */,
				04C52C272419475E009A69F2 /* Assets.xcassets */,
				04C52C242419475B009A69F2 /* Main.storyboard */,
				04C52C34241948A3009A69F2 /* Model */,
				04C52C332419488E009A69F2 /* View */,
				04C52C35241948A8009A69F2 /* ViewModel */,
				04C52C292419475E009A69F2 /* LaunchScreen.storyboard */,
				04C52C2C2419475E009A69F2 /* Info.plist */,
			);
			path = "kiwari-ios-test";
			sourceTree = "<group>";
		};
		04C52C322419487E009A69F2 /* Login */ = {
			isa = PBXGroup;
			children = (
				04C52C36241948CD009A69F2 /* LoginVC.swift */,
			);
			path = Login;
			sourceTree = "<group>";
		};
		04C52C332419488E009A69F2 /* View */ = {
			isa = PBXGroup;
			children = (
				04C52C47241983E9009A69F2 /* TabController.swift */,
				04C52C322419487E009A69F2 /* Login */,
				04C52C44241983B0009A69F2 /* Chats */,
				04C52C492419840B009A69F2 /* Profile */,
			);
			path = View;
			sourceTree = "<group>";
		};
		04C52C34241948A3009A69F2 /* Model */ = {
			isa = PBXGroup;
			children = (
				04FABE142419A4B400BD6CCD /* ChatsModel.swift */,
				04FABE182419AEB400BD6CCD /* MessageModel.swift */,
			);
			path = Model;
			sourceTree = "<group>";
		};
		04C52C35241948A8009A69F2 /* ViewModel */ = {
			isa = PBXGroup;
			children = (
				04FABE112419A3DD00BD6CCD /* Chats */,
				04FABE102419A3D500BD6CCD /* Profile */,
				04C52C43241983A7009A69F2 /* Login */,
			);
			path = ViewModel;
			sourceTree = "<group>";
		};
		04C52C43241983A7009A69F2 /* Login */ = {
			isa = PBXGroup;
			children = (
				04C52C3A2419493D009A69F2 /* LoginVM.swift */,
			);
			path = Login;
			sourceTree = "<group>";
		};
		04C52C44241983B0009A69F2 /* Chats */ = {
			isa = PBXGroup;
			children = (
				04C52C45241983C4009A69F2 /* ChatsVC.swift */,
				04C52C4C24198934009A69F2 /* ChatRoomTC.swift */,
				04C52C50241992D7009A69F2 /* Messages */,
			);
			path = Chats;
			sourceTree = "<group>";
		};
		04C52C492419840B009A69F2 /* Profile */ = {
			isa = PBXGroup;
			children = (
				04C52C4A24198427009A69F2 /* ProfileVC.swift */,
			);
			path = Profile;
			sourceTree = "<group>";
		};
		04C52C50241992D7009A69F2 /* Messages */ = {
			isa = PBXGroup;
			children = (
				04C52C51241992F5009A69F2 /* MessagesVC.swift */,
				04C52C532419931C009A69F2 /* MyChatTC.swift */,
				04C52C552419932B009A69F2 /* TheyChatTC.swift */,
			);
			path = Messages;
			sourceTree = "<group>";
		};
		04FABE102419A3D500BD6CCD /* Profile */ = {
			isa = PBXGroup;
			children = (
				04C52C4E24198F3C009A69F2 /* ProfileVM.swift */,
			);
			path = Profile;
			sourceTree = "<group>";
		};
		04FABE112419A3DD00BD6CCD /* Chats */ = {
			isa = PBXGroup;
			children = (
				04FABE122419A40200BD6CCD /* ChatsVM.swift */,
				04FABE162419AE9600BD6CCD /* MessagesVM.swift */,
			);
			path = Chats;
			sourceTree = "<group>";
		};
		3A89D085CDC817D3820BC312 /* Frameworks */ = {
			isa = PBXGroup;
			children = (
				EEE2772F224BA6436E78BF42 /* libPods-kiwari-ios-test.a */,
			);
			name = Frameworks;
			sourceTree = "<group>";
		};
		86EB0DEA3068E35166C9295F /* Pods */ = {
			isa = PBXGroup;
			children = (
				FDC7F119441D40CAD25B56E2 /* Pods-kiwari-ios-test.debug.xcconfig */,
				CAA31C7ACFA06EBA9D16B55D /* Pods-kiwari-ios-test.release.xcconfig */,
			);
			path = Pods;
			sourceTree = "<group>";
		};
/* End PBXGroup section */

/* Begin PBXNativeTarget section */
		04C52C1A2419475B009A69F2 /* kiwari-ios-test */ = {
			isa = PBXNativeTarget;
			buildConfigurationList = 04C52C2F2419475E009A69F2 /* Build configuration list for PBXNativeTarget "kiwari-ios-test" */;
			buildPhases = (
				72A5E8A700B082D99663A75C /* [CP] Check Pods Manifest.lock */,
				04C52C172419475B009A69F2 /* Sources */,
				04C52C182419475B009A69F2 /* Frameworks */,
				04C52C192419475B009A69F2 /* Resources */,
			);
			buildRules = (
			);
			dependencies = (
			);
			name = "kiwari-ios-test";
			productName = "kiwari-ios-test";
			productReference = 04C52C1B2419475B009A69F2 /* kiwari-ios-test.app */;
			productType = "com.apple.product-type.application";
		};
/* End PBXNativeTarget section */

/* Begin PBXProject section */
		04C52C132419475B009A69F2 /* Project object */ = {
			isa = PBXProject;
			attributes = {
				LastSwiftUpdateCheck = 1130;
				LastUpgradeCheck = 1130;
				ORGANIZATIONNAME = "Ahmad Syauqi Albana";
				TargetAttributes = {
					04C52C1A2419475B009A69F2 = {
						CreatedOnToolsVersion = 11.3.1;
					};
				};
			};
			buildConfigurationList = 04C52C162419475B009A69F2 /* Build configuration list for PBXProject "kiwari-ios-test" */;
			compatibilityVersion = "Xcode 9.3";
			developmentRegion = en;
			hasScannedForEncodings = 0;
			knownRegions = (
				en,
				Base,
			);
			mainGroup = 04C52C122419475B009A69F2;
			productRefGroup = 04C52C1C2419475B009A69F2 /* Products */;
			projectDirPath = "";
			projectRoot = "";
			targets = (
				04C52C1A2419475B009A69F2 /* kiwari-ios-test */,
			);
		};
/* End PBXProject section */

/* Begin PBXResourcesBuildPhase section */
		04C52C192419475B009A69F2 /* Resources */ = {
			isa = PBXResourcesBuildPhase;
			buildActionMask = 2147483647;
			files = (
				04C52C2B2419475E009A69F2 /* LaunchScreen.storyboard in Resources */,
				04C52C3D2419785B009A69F2 /* GoogleService-Info.plist in Resources */,
				04C52C282419475E009A69F2 /* Assets.xcassets in Resources */,
				04C52C262419475B009A69F2 /* Main.storyboard in Resources */,
			);
			runOnlyForDeploymentPostprocessing = 0;
		};
/* End PBXResourcesBuildPhase section */

/* Begin PBXShellScriptBuildPhase section */
		72A5E8A700B082D99663A75C /* [CP] Check Pods Manifest.lock */ = {
			isa = PBXShellScriptBuildPhase;
			buildActionMask = 2147483647;
			files = (
			);
			inputFileListPaths = (
			);
			inputPaths = (
				"${PODS_PODFILE_DIR_PATH}/Podfile.lock",
				"${PODS_ROOT}/Manifest.lock",
			);
			name = "[CP] Check Pods Manifest.lock";
			outputFileListPaths = (
			);
			outputPaths = (
				"$(DERIVED_FILE_DIR)/Pods-kiwari-ios-test-checkManifestLockResult.txt",
			);
			runOnlyForDeploymentPostprocessing = 0;
			shellPath = /bin/sh;
			shellScript = "diff \"${PODS_PODFILE_DIR_PATH}/Podfile.lock\" \"${PODS_ROOT}/Manifest.lock\" > /dev/null\nif [ $? != 0 ] ; then\n    # print error to STDERR\n    echo \"error: The sandbox is not in sync with the Podfile.lock. Run 'pod install' or update your CocoaPods installation.\" >&2\n    exit 1\nfi\n# This output is used by Xcode 'outputs' to avoid re-running this script phase.\necho \"SUCCESS\" > \"${SCRIPT_OUTPUT_FILE_0}\"\n";
			showEnvVarsInLog = 0;
		};
/* End PBXShellScriptBuildPhase section */

/* Begin PBXSourcesBuildPhase section */
		04C52C172419475B009A69F2 /* Sources */ = {
			isa = PBXSourcesBuildPhase;
			buildActionMask = 2147483647;
			files = (
				04C52C4F24198F3C009A69F2 /* ProfileVM.swift in Sources */,
				04C52C46241983C4009A69F2 /* ChatsVC.swift in Sources */,
				04FABE172419AE9600BD6CCD /* MessagesVM.swift in Sources */,
				04FABE192419AEB400BD6CCD /* MessageModel.swift in Sources */,
				04C52C48241983E9009A69F2 /* TabController.swift in Sources */,
				04FABE152419A4B400BD6CCD /* ChatsModel.swift in Sources */,
				04C52C4B24198427009A69F2 /* ProfileVC.swift in Sources */,
				04C52C562419932B009A69F2 /* TheyChatTC.swift in Sources */,
				04FABE132419A40200BD6CCD /* ChatsVM.swift in Sources */,
				04C52C1F2419475B009A69F2 /* AppDelegate.swift in Sources */,
				04C52C3B2419493D009A69F2 /* LoginVM.swift in Sources */,
				04C52C37241948CD009A69F2 /* LoginVC.swift in Sources */,
				04C52C3F24197FA9009A69F2 /* Helper.swift in Sources */,
				04C52C52241992F5009A69F2 /* MessagesVC.swift in Sources */,
				04C52C4D24198934009A69F2 /* ChatRoomTC.swift in Sources */,
				04C52C542419931C009A69F2 /* MyChatTC.swift in Sources */,
			);
			runOnlyForDeploymentPostprocessing = 0;
		};
/* End PBXSourcesBuildPhase section */

/* Begin PBXVariantGroup section */
		04C52C242419475B009A69F2 /* Main.storyboard */ = {
			isa = PBXVariantGroup;
			children = (
				04C52C252419475B009A69F2 /* Base */,
			);
			name = Main.storyboard;
			sourceTree = "<group>";
		};
		04C52C292419475E009A69F2 /* LaunchScreen.storyboard */ = {
			isa = PBXVariantGroup;
			children = (
				04C52C2A2419475E009A69F2 /* Base */,
			);
			name = LaunchScreen.storyboard;
			sourceTree = "<group>";
		};
/* End PBXVariantGroup section */

/* Begin XCBuildConfiguration section */
		04C52C2D2419475E009A69F2 /* Debug */ = {
			isa = XCBuildConfiguration;
			buildSettings = {
				ALWAYS_SEARCH_USER_PATHS = NO;
				CLANG_ANALYZER_NONNULL = YES;
				CLANG_ANALYZER_NUMBER_OBJECT_CONVERSION = YES_AGGRESSIVE;
				CLANG_CXX_LANGUAGE_STANDARD = "gnu++14";
				CLANG_CXX_LIBRARY = "libc++";
				CLANG_ENABLE_MODULES = YES;
				CLANG_ENABLE_OBJC_ARC = YES;
				CLANG_ENABLE_OBJC_WEAK = YES;
				CLANG_WARN_BLOCK_CAPTURE_AUTORELEASING = YES;
				CLANG_WARN_BOOL_CONVERSION = YES;
				CLANG_WARN_COMMA = YES;
				CLANG_WARN_CONSTANT_CONVERSION = YES;
				CLANG_WARN_DEPRECATED_OBJC_IMPLEMENTATIONS = YES;
				CLANG_WARN_DIRECT_OBJC_ISA_USAGE = YES_ERROR;
				CLANG_WARN_DOCUMENTATION_COMMENTS = YES;
				CLANG_WARN_EMPTY_BODY = YES;
				CLANG_WARN_ENUM_CONVERSION = YES;
				CLANG_WARN_INFINITE_RECURSION = YES;
				CLANG_WARN_INT_CONVERSION = YES;
				CLANG_WARN_NON_LITERAL_NULL_CONVERSION = YES;
				CLANG_WARN_OBJC_IMPLICIT_RETAIN_SELF = YES;
				CLANG_WARN_OBJC_LITERAL_CONVERSION = YES;
				CLANG_WARN_OBJC_ROOT_CLASS = YES_ERROR;
				CLANG_WARN_RANGE_LOOP_ANALYSIS = YES;
				CLANG_WARN_STRICT_PROTOTYPES = YES;
				CLANG_WARN_SUSPICIOUS_MOVE = YES;
				CLANG_WARN_UNGUARDED_AVAILABILITY = YES_AGGRESSIVE;
				CLANG_WARN_UNREACHABLE_CODE = YES;
				CLANG_WARN__DUPLICATE_METHOD_MATCH = YES;
				COPY_PHASE_STRIP = NO;
				DEBUG_INFORMATION_FORMAT = dwarf;
				ENABLE_STRICT_OBJC_MSGSEND = YES;
				ENABLE_TESTABILITY = YES;
				GCC_C_LANGUAGE_STANDARD = gnu11;
				GCC_DYNAMIC_NO_PIC = NO;
				GCC_NO_COMMON_BLOCKS = YES;
				GCC_OPTIMIZATION_LEVEL = 0;
				GCC_PREPROCESSOR_DEFINITIONS = (
					"DEBUG=1",
					"$(inherited)",
				);
				GCC_WARN_64_TO_32_BIT_CONVERSION = YES;
				GCC_WARN_ABOUT_RETURN_TYPE = YES_ERROR;
				GCC_WARN_UNDECLARED_SELECTOR = YES;
				GCC_WARN_UNINITIALIZED_AUTOS = YES_AGGRESSIVE;
				GCC_WARN_UNUSED_FUNCTION = YES;
				GCC_WARN_UNUSED_VARIABLE = YES;
				IPHONEOS_DEPLOYMENT_TARGET = 13.2;
				MTL_ENABLE_DEBUG_INFO = INCLUDE_SOURCE;
				MTL_FAST_MATH = YES;
				ONLY_ACTIVE_ARCH = YES;
				SDKROOT = iphoneos;
				SWIFT_ACTIVE_COMPILATION_CONDITIONS = DEBUG;
				SWIFT_OPTIMIZATION_LEVEL = "-Onone";
			};
			name = Debug;
		};
		04C52C2E2419475E009A69F2 /* Release */ = {
			isa = XCBuildConfiguration;
			buildSettings = {
				ALWAYS_SEARCH_USER_PATHS = NO;
				CLANG_ANALYZER_NONNULL = YES;
				CLANG_ANALYZER_NUMBER_OBJECT_CONVERSION = YES_AGGRESSIVE;
				CLANG_CXX_LANGUAGE_STANDARD = "gnu++14";
				CLANG_CXX_LIBRARY = "libc++";
				CLANG_ENABLE_MODULES = YES;
				CLANG_ENABLE_OBJC_ARC = YES;
				CLANG_ENABLE_OBJC_WEAK = YES;
				CLANG_WARN_BLOCK_CAPTURE_AUTORELEASING = YES;
				CLANG_WARN_BOOL_CONVERSION = YES;
				CLANG_WARN_COMMA = YES;
				CLANG_WARN_CONSTANT_CONVERSION = YES;
				CLANG_WARN_DEPRECATED_OBJC_IMPLEMENTATIONS = YES;
				CLANG_WARN_DIRECT_OBJC_ISA_USAGE = YES_ERROR;
				CLANG_WARN_DOCUMENTATION_COMMENTS = YES;
				CLANG_WARN_EMPTY_BODY = YES;
				CLANG_WARN_ENUM_CONVERSION = YES;
				CLANG_WARN_INFINITE_RECURSION = YES;
				CLANG_WARN_INT_CONVERSION = YES;
				CLANG_WARN_NON_LITERAL_NULL_CONVERSION = YES;
				CLANG_WARN_OBJC_IMPLICIT_RETAIN_SELF = YES;
				CLANG_WARN_OBJC_LITERAL_CONVERSION = YES;
				CLANG_WARN_OBJC_ROOT_CLASS = YES_ERROR;
				CLANG_WARN_RANGE_LOOP_ANALYSIS = YES;
				CLANG_WARN_STRICT_PROTOTYPES = YES;
				CLANG_WARN_SUSPICIOUS_MOVE = YES;
				CLANG_WARN_UNGUARDED_AVAILABILITY = YES_AGGRESSIVE;
				CLANG_WARN_UNREACHABLE_CODE = YES;
				CLANG_WARN__DUPLICATE_METHOD_MATCH = YES;
				COPY_PHASE_STRIP = NO;
				DEBUG_INFORMATION_FORMAT = "dwarf-with-dsym";
				ENABLE_NS_ASSERTIONS = NO;
				ENABLE_STRICT_OBJC_MSGSEND = YES;
				GCC_C_LANGUAGE_STANDARD = gnu11;
				GCC_NO_COMMON_BLOCKS = YES;
				GCC_WARN_64_TO_32_BIT_CONVERSION = YES;
				GCC_WARN_ABOUT_RETURN_TYPE = YES_ERROR;
				GCC_WARN_UNDECLARED_SELECTOR = YES;
				GCC_WARN_UNINITIALIZED_AUTOS = YES_AGGRESSIVE;
				GCC_WARN_UNUSED_FUNCTION = YES;
				GCC_WARN_UNUSED_VARIABLE = YES;
				IPHONEOS_DEPLOYMENT_TARGET = 13.2;
				MTL_ENABLE_DEBUG_INFO = NO;
				MTL_FAST_MATH = YES;
				SDKROOT = iphoneos;
				SWIFT_COMPILATION_MODE = wholemodule;
				SWIFT_OPTIMIZATION_LEVEL = "-O";
				VALIDATE_PRODUCT = YES;
			};
			name = Release;
		};
		04C52C302419475E009A69F2 /* Debug */ = {
			isa = XCBuildConfiguration;
			baseConfigurationReference = FDC7F119441D40CAD25B56E2 /* Pods-kiwari-ios-test.debug.xcconfig */;
			buildSettings = {
				ASSETCATALOG_COMPILER_APPICON_NAME = AppIcon;
				CODE_SIGN_STYLE = Automatic;
				DEVELOPMENT_TEAM = C4286C7K8S;
				INFOPLIST_FILE = "kiwari-ios-test/Info.plist";
				IPHONEOS_DEPLOYMENT_TARGET = 13.0;
				LD_RUNPATH_SEARCH_PATHS = (
					"$(inherited)",
					"@executable_path/Frameworks",
				);
				PRODUCT_BUNDLE_IDENTIFIER = "kiwari-ios-test";
				PRODUCT_NAME = "$(TARGET_NAME)";
				SWIFT_VERSION = 5.0;
				TARGETED_DEVICE_FAMILY = "1,2";
			};
			name = Debug;
		};
		04C52C312419475E009A69F2 /* Release */ = {
			isa = XCBuildConfiguration;
			baseConfigurationReference = CAA31C7ACFA06EBA9D16B55D /* Pods-kiwari-ios-test.release.xcconfig */;
			buildSettings = {
				ASSETCATALOG_COMPILER_APPICON_NAME = AppIcon;
				CODE_SIGN_STYLE = Automatic;
				DEVELOPMENT_TEAM = C4286C7K8S;
				INFOPLIST_FILE = "kiwari-ios-test/Info.plist";
				IPHONEOS_DEPLOYMENT_TARGET = 13.0;
				LD_RUNPATH_SEARCH_PATHS = (
					"$(inherited)",
					"@executable_path/Frameworks",
				);
				PRODUCT_BUNDLE_IDENTIFIER = "kiwari-ios-test";
				PRODUCT_NAME = "$(TARGET_NAME)";
				SWIFT_VERSION = 5.0;
				TARGETED_DEVICE_FAMILY = "1,2";
			};
			name = Release;
		};
/* End XCBuildConfiguration section */

/* Begin XCConfigurationList section */
		04C52C162419475B009A69F2 /* Build configuration list for PBXProject "kiwari-ios-test" */ = {
			isa = XCConfigurationList;
			buildConfigurations = (
				04C52C2D2419475E009A69F2 /* Debug */,
				04C52C2E2419475E009A69F2 /* Release */,
			);
			defaultConfigurationIsVisible = 0;
			defaultConfigurationName = Release;
		};
		04C52C2F2419475E009A69F2 /* Build configuration list for PBXNativeTarget "kiwari-ios-test" */ = {
			isa = XCConfigurationList;
			buildConfigurations = (
				04C52C302419475E009A69F2 /* Debug */,
				04C52C312419475E009A69F2 /* Release */,
			);
			defaultConfigurationIsVisible = 0;
			defaultConfigurationName = Release;
		};
/* End XCConfigurationList section */
	};
	rootObject = 04C52C132419475B009A69F2 /* Project object */;
}
